{
  "name": "assign4",
  "version": "0.0.1",
  "lockfileVersion": 1,
  "requires": true,
  "dependencies": {
    "escape-string-regexp": {
      "version": "1.0.5",
      "resolved": "https://ibuild.jfrog.io/ibuild/api/npm/npm/escape-string-regexp/-/escape-string-regexp-1.0.5.tgz",
      "integrity": "sha1-G2HAViGQqN/2rjuyzwIAyhMLhtQ="
    },
    "invariant": {
      "version": "2.2.4",
      "resolved": "https://ibuild.jfrog.io/ibuild/api/npm/npm/invariant/-/invariant-2.2.4.tgz",
      "integrity": "sha1-YQ88ksk1nOHbYW5TgAjSP/NRWOY=",
      "requires": {
        "loose-envify": "1.4.0"
      }
    },
    "js-tokens": {
      "version": "4.0.0",
      "resolved": "https://ibuild.jfrog.io/ibuild/api/npm/npm/js-tokens/-/js-tokens-4.0.0.tgz",
      "integrity": "sha1-GSA/tZmR35jjoocFDUZHzerzJJk="
    },
    "loose-envify": {
      "version": "1.4.0",
      "resolved": "https://ibuild.jfrog.io/ibuild/api/npm/npm/loose-envify/-/loose-envify-1.4.0.tgz",
      "integrity": "sha1-ce5R+nvkyuwaY4OffmgtgTLTDK8=",
      "requires": {
        "js-tokens": "4.0.0"
      }
    },
    "react-native-webview": {
      "version": "7.0.3",
      "resolved": "https://ibuild.jfrog.io/ibuild/api/npm/npm/react-native-webview/-/react-native-webview-7.0.3.tgz",
      "integrity": "sha1-euJqdHLyDt+VosSCdCJU9J3p0Q0=",
      "requires": {
        "escape-string-regexp": "1.0.5",
        "invariant": "2.2.4"
      }
    }
  }
}
